<?xml version="1.0" encoding="utf-8"?>
<Project ToolsVersion="4.0" xmlns="http://schemas.microsoft.com/developer/msbuild/2003">
  <ItemGroup>
    <Filter Include="Entity">
      <UniqueIdentifier>{4a69212a-5818-4eeb-a145-8c363978d8cd}</UniqueIdentifier>
    </Filter>
    <Filter Include="Entity\Character">
      <UniqueIdentifier>{520ab5df-04ab-4a34-8b19-aca1eb5a41e1}</UniqueIdentifier>
    </Filter>
    <Filter Include="Entity\Projectile">
      <UniqueIdentifier>{87db31c1-4c83-4bfa-8585-c2517bad43d3}</UniqueIdentifier>
    </Filter>
    <Filter Include="Game">
      <UniqueIdentifier>{5f97af96-dff7-4e01-b227-5d434e1efcf8}</UniqueIdentifier>
    </Filter>
    <Filter Include="GUI">
      <UniqueIdentifier>{01c88b4a-f262-4379-a15d-109fb60a2629}</UniqueIdentifier>
    </Filter>
    <Filter Include="etc">
      <UniqueIdentifier>{1766f13e-a0df-4410-8475-3a90b9c56778}</UniqueIdentifier>
    </Filter>
    <Filter Include="etc\Resource Files">
      <UniqueIdentifier>{67DA6AB6-F800-4c08-8B7A-83BB121AAD01}</UniqueIdentifier>
      <Extensions>rc;ico;cur;bmp;dlg;rc2;rct;bin;rgs;gif;jpg;jpeg;jpe;resx;tiff;tif;png;wav;mfcribbon-ms</Extensions>
    </Filter>
    <Filter Include="etc\Source Files">
      <UniqueIdentifier>{4FC737F1-C7A5-4376-A066-2A32D752A2FF}</UniqueIdentifier>
      <Extensions>cpp;c;cc;cxx;def;odl;idl;hpj;bat;asm;asmx</Extensions>
    </Filter>
    <Filter Include="etc\Header Files">
      <UniqueIdentifier>{93995380-89BD-4b04-88EB-625FBE52EBFB}</UniqueIdentifier>
      <Extensions>h;hpp;hxx;hm;inl;inc;xsd</Extensions>
    </Filter>
    <Filter Include="Entity\Views">
      <UniqueIdentifier>{9b13ca48-c08b-4159-b53a-793fe311484a}</UniqueIdentifier>
    </Filter>
    <Filter Include="Entity\Controllers">
      <UniqueIdentifier>{09623f54-14cd-49ea-a5f6-94f3e3cb9db6}</UniqueIdentifier>
    </Filter>
  </ItemGroup>
  <ItemGroup>
    <ClCompile Include="Irr_Wrapper.cpp">
      <Filter>etc\Source Files</Filter>
    </ClCompile>
    <ClCompile Include="main.cpp">
      <Filter>etc\Source Files</Filter>
    </ClCompile>
    <ClCompile Include="Player.cpp">
      <Filter>etc\Source Files</Filter>
    </ClCompile>
    <ClCompile Include="SDLWrapper.cpp">
      <Filter>etc\Source Files</Filter>
    </ClCompile>
    <ClCompile Include="CharacterAction.cpp">
      <Filter>Entity\Character</Filter>
    </ClCompile>
    <ClCompile Include="CharacterActionCondition.cpp">
      <Filter>Entity\Character</Filter>
    </ClCompile>
    <ClCompile Include="CharacterActionEffect.cpp">
      <Filter>Entity\Character</Filter>
    </ClCompile>
    <ClCompile Include="EntityBase.cpp">
      <Filter>Entity\Character</Filter>
    </ClCompile>
    <ClCompile Include="GameBase.cpp">
      <Filter>Game</Filter>
    </ClCompile>
    <ClCompile Include="GameClient.cpp">
      <Filter>Game</Filter>
    </ClCompile>
    <ClCompile Include="GameEditor.cpp">
      <Filter>Game</Filter>
    </ClCompile>
    <ClCompile Include="GameServer.cpp">
      <Filter>Game</Filter>
    </ClCompile>
    <ClCompile Include="Event.cpp">
      <Filter>Entity\Projectile</Filter>
    </ClCompile>
    <ClCompile Include="Map.cpp">
      <Filter>Entity</Filter>
    </ClCompile>
    <ClCompile Include="Menu.cpp">
      <Filter>GUI</Filter>
    </ClCompile>
    <ClCompile Include="PlayerCharacter.cpp">
      <Filter>Entity\Character</Filter>
    </ClCompile>
    <ClCompile Include="ProjectileBase.cpp">
      <Filter>Entity\Projectile</Filter>
    </ClCompile>
    <ClCompile Include="CharacterControllerClient.cpp">
      <Filter>Entity\Controllers</Filter>
    </ClCompile>
    <ClCompile Include="CharacterController.cpp">
      <Filter>Entity\Controllers</Filter>
    </ClCompile>
    <ClCompile Include="PlayerCharacterView.cpp">
      <Filter>Entity\Views</Filter>
    </ClCompile>
  </ItemGroup>
  <ItemGroup>
    <ClInclude Include="Irr_Wrapper.hpp">
      <Filter>etc\Source Files</Filter>
    </ClInclude>
    <ClInclude Include="PacketProtocol.h">
      <Filter>etc\Source Files</Filter>
    </ClInclude>
    <ClInclude Include="Player.h">
      <Filter>etc\Source Files</Filter>
    </ClInclude>
    <ClInclude Include="SDLWrapper.h">
      <Filter>etc\Source Files</Filter>
    </ClInclude>
    <ClInclude Include="CharacterAction.h">
      <Filter>Entity\Character</Filter>
    </ClInclude>
    <ClInclude Include="CharacterActionCondition.h">
      <Filter>Entity\Character</Filter>
    </ClInclude>
    <ClInclude Include="CharacterActionEffect.h">
      <Filter>Entity\Character</Filter>
    </ClInclude>
    <ClInclude Include="EntityBase.h">
      <Filter>Entity\Character</Filter>
    </ClInclude>
    <ClInclude Include="GameServer.h">
      <Filter>Game</Filter>
    </ClInclude>
    <ClInclude Include="GameBase.h">
      <Filter>Game</Filter>
    </ClInclude>
    <ClInclude Include="GameClient.h">
      <Filter>Game</Filter>
    </ClInclude>
    <ClInclude Include="GameEditor.h">
      <Filter>Game</Filter>
    </ClInclude>
    <ClInclude Include="Event.h">
      <Filter>Entity\Projectile</Filter>
    </ClInclude>
    <ClInclude Include="Map.h">
      <Filter>Entity</Filter>
    </ClInclude>
    <ClInclude Include="Menu.h">
      <Filter>GUI</Filter>
    </ClInclude>
    <ClInclude Include="PlayerCharacter.h">
      <Filter>Entity\Character</Filter>
    </ClInclude>
    <ClInclude Include="ProjectileBase.h">
      <Filter>Entity\Projectile</Filter>
    </ClInclude>
    <ClInclude Include="GUI.h">
      <Filter>GUI</Filter>
    </ClInclude>
    <ClInclude Include="CharacterControllerClient.h">
      <Filter>Entity\Controllers</Filter>
    </ClInclude>
    <ClInclude Include="CharacterController.h">
      <Filter>Entity\Controllers</Filter>
    </ClInclude>
    <ClInclude Include="BaseView.h">
      <Filter>Entity\Views</Filter>
    </ClInclude>
    <ClInclude Include="PlayerCharacterView.h">
      <Filter>Entity\Views</Filter>
    </ClInclude>
  </ItemGroup>
</Project>